// !$*UTF8*$!
{
	archiveVersion = 1;
	classes = {
	};
	objectVersion = 77;
	objects = {

/* Begin PBXContainerItemProxy section */
		53644CBC2D6A922F00F6BF18 /* PBXContainerItemProxy */ = {
			isa = PBXContainerItemProxy;
			containerPortal = 53644CA32D6A922D00F6BF18 /* Project object */;
			proxyType = 1;
			remoteGlobalIDString = 53644CAA2D6A922D00F6BF18;
			remoteInfo = "Onboarding Screen";
		};
		53644CC62D6A922F00F6BF18 /* PBXContainerItemProxy */ = {
			isa = PBXContainerItemProxy;
			containerPortal = 53644CA32D6A922D00F6BF18 /* Project object */;
			proxyType = 1;
			remoteGlobalIDString = 53644CAA2D6A922D00F6BF18;
			remoteInfo = "Onboarding Screen";
		};
/* End PBXContainerItemProxy section */

/* Begin PBXFileReference section */
		53644CAB2D6A922D00F6BF18 /* Onboarding Screen.app */ = {isa = PBXFileReference; explicitFileType = wrapper.application; includeInIndex = 0; path = "Onboarding Screen.app"; sourceTree = BUILT_PRODUCTS_DIR; };
		53644CBB2D6A922F00F6BF18 /* Onboarding ScreenTests.xctest */ = {isa = PBXFileReference; explicitFileType = wrapper.cfbundle; includeInIndex = 0; path = "Onboarding ScreenTests.xctest"; sourceTree = BUILT_PRODUCTS_DIR; };
		53644CC52D6A922F00F6BF18 /* Onboarding ScreenUITests.xctest */ = {isa = PBXFileReference; explicitFileType = wrapper.cfbundle; includeInIndex = 0; path = "Onboarding ScreenUITests.xctest"; sourceTree = BUILT_PRODUCTS_DIR; };
/* End PBXFileReference section */

/* Begin PBXFileSystemSynchronizedRootGroup section */
		53644CAD2D6A922D00F6BF18 /* Onboarding Screen */ = {
			isa = PBXFileSystemSynchronizedRootGroup;
			path = "Onboarding Screen";
			sourceTree = "<group>";
		};
		53644CBE2D6A922F00F6BF18 /* Onboarding ScreenTests */ = {
			isa = PBXFileSystemSynchronizedRootGroup;
			path = "Onboarding ScreenTests";
			sourceTree = "<group>";
		};
		53644CC82D6A922F00F6BF18 /* Onboarding ScreenUITests */ = {
			isa = PBXFileSystemSynchronizedRootGroup;
			path = "Onboarding ScreenUITests";
			sourceTree = "<group>";
		};
/* End PBXFileSystemSynchronizedRootGroup section */

/* Begin PBXFrameworksBuildPhase section */
		53644CA82D6A922D00F6BF18 /* Frameworks */ = {
			isa = PBXFrameworksBuildPhase;
			buildActionMask = 2147483647;
			files = (
			);
			runOnlyForDeploymentPostprocessing = 0;
		};
		53644CB82D6A922F00F6BF18 /* Frameworks */ = {
			isa = PBXFrameworksBuildPhase;
			buildActionMask = 2147483647;
			files = (
			);
			runOnlyForDeploymentPostprocessing = 0;
		};
		53644CC22D6A922F00F6BF18 /* Frameworks */ = {
			isa = PBXFrameworksBuildPhase;
			buildActionMask = 2147483647;
			files = (
			);
			runOnlyForDeploymentPostprocessing = 0;
		};
/* End PBXFrameworksBuildPhase section */

/* Begin PBXGroup section */
		53644CA22D6A922D00F6BF18 = {
			isa = PBXGroup;
			children = (
				53644CAD2D6A922D00F6BF18 /* Onboarding Screen */,
				53644CBE2D6A922F00F6BF18 /* Onboarding ScreenTests */,
				53644CC82D6A922F00F6BF18 /* Onboarding ScreenUITests */,
				53644CAC2D6A922D00F6BF18 /* Products */,
			);
			sourceTree = "<group>";
		};
		53644CAC2D6A922D00F6BF18 /* Products */ = {
			isa = PBXGroup;
			children = (
				53644CAB2D6A922D00F6BF18 /* Onboarding Screen.app */,
				53644CBB2D6A922F00F6BF18 /* Onboarding ScreenTests.xctest */,
				53644CC52D6A922F00F6BF18 /* Onboarding ScreenUITests.xctest */,
			);
			name = Products;
			sourceTree = "<group>";
		};
/* End PBXGroup section */

/* Begin PBXNativeTarget section */
		53644CAA2D6A922D00F6BF18 /* Onboarding Screen */ = {
			isa = PBXNativeTarget;
			buildConfigurationList = 53644CCF2D6A922F00F6BF18 /* Build configuration list for PBXNativeTarget "Onboarding Screen" */;
			buildPhases = (
				53644CA72D6A922D00F6BF18 /* Sources */,
				53644CA82D6A922D00F6BF18 /* Frameworks */,
				53644CA92D6A922D00F6BF18 /* Resources */,
			);
			buildRules = (
			);
			dependencies = (
			);
			fileSystemSynchronizedGroups = (
				53644CAD2D6A922D00F6BF18 /* Onboarding Screen */,
			);
			name = "Onboarding Screen";
			packageProductDependencies = (
			);
			productName = "Onboarding Screen";
			productReference = 53644CAB2D6A922D00F6BF18 /* Onboarding Screen.app */;
			productType = "com.apple.product-type.application";
		};
		53644CBA2D6A922F00F6BF18 /* Onboarding ScreenTests */ = {
			isa = PBXNativeTarget;
			buildConfigurationList = 53644CD22D6A922F00F6BF18 /* Build configuration list for PBXNativeTarget "Onboarding ScreenTests" */;
			buildPhases = (
				53644CB72D6A922F00F6BF18 /* Sources */,
				53644CB82D6A922F00F6BF18 /* Frameworks */,
				53644CB92D6A922F00F6BF18 /* Resources */,
			);
			buildRules = (
			);
			dependencies = (
				53644CBD2D6A922F00F6BF18 /* PBXTargetDependency */,
			);
			fileSystemSynchronizedGroups = (
				53644CBE2D6A922F00F6BF18 /* Onboarding ScreenTests */,
			);
			name = "Onboarding ScreenTests";
			packageProductDependencies = (
			);
			productName = "Onboarding ScreenTests";
			productReference = 53644CBB2D6A922F00F6BF18 /* Onboarding ScreenTests.xctest */;
			productType = "com.apple.product-type.bundle.unit-test";
		};
		53644CC42D6A922F00F6BF18 /* Onboarding ScreenUITests */ = {
			isa = PBXNativeTarget;
			buildConfigurationList = 53644CD52D6A922F00F6BF18 /* Build configuration list for PBXNativeTarget "Onboarding ScreenUITests" */;
			buildPhases = (
				53644CC12D6A922F00F6BF18 /* Sources */,
				53644CC22D6A922F00F6BF18 /* Frameworks */,
				53644CC32D6A922F00F6BF18 /* Resources */,
			);
			buildRules = (
			);
			dependencies = (
				53644CC72D6A922F00F6BF18 /* PBXTargetDependency */,
			);
			fileSystemSynchronizedGroups = (
				53644CC82D6A922F00F6BF18 /* Onboarding ScreenUITests */,
			);
			name = "Onboarding ScreenUITests";
			packageProductDependencies = (
			);
			productName = "Onboarding ScreenUITests";
			productReference = 53644CC52D6A922F00F6BF18 /* Onboarding ScreenUITests.xctest */;
			productType = "com.apple.product-type.bundle.ui-testing";
		};
/* End PBXNativeTarget section */

/* Begin PBXProject section */
		53644CA32D6A922D00F6BF18 /* Project object */ = {
			isa = PBXProject;
			attributes = {
				BuildIndependentTargetsInParallel = 1;
				LastSwiftUpdateCheck = 1620;
				LastUpgradeCheck = 1620;
				TargetAttributes = {
					53644CAA2D6A922D00F6BF18 = {
						CreatedOnToolsVersion = 16.2;
					};
					53644CBA2D6A922F00F6BF18 = {
						CreatedOnToolsVersion = 16.2;
						TestTargetID = 53644CAA2D6A922D00F6BF18;
					};
					53644CC42D6A922F00F6BF18 = {
						CreatedOnToolsVersion = 16.2;
						TestTargetID = 53644CAA2D6A922D00F6BF18;
					};
				};
			};
			buildConfigurationList = 53644CA62D6A922D00F6BF18 /* Build configuration list for PBXProject "Onboarding Screen" */;
			developmentRegion = en;
			hasScannedForEncodings = 0;
			knownRegions = (
				en,
				Base,
			);
			mainGroup = 53644CA22D6A922D00F6BF18;
			minimizedProjectReferenceProxies = 1;
			preferredProjectObjectVersion = 77;
			productRefGroup = 53644CAC2D6A922D00F6BF18 /* Products */;
			projectDirPath = "";
			projectRoot = "";
			targets = (
				53644CAA2D6A922D00F6BF18 /* Onboarding Screen */,
				53644CBA2D6A922F00F6BF18 /* Onboarding ScreenTests */,
				53644CC42D6A922F00F6BF18 /* Onboarding ScreenUITests */,
			);
		};
/* End PBXProject section */

/* Begin PBXResourcesBuildPhase section */
		53644CA92D6A922D00F6BF18 /* Resources */ = {
			isa = PBXResourcesBuildPhase;
			buildActionMask = 2147483647;
			files = (
			);
			runOnlyForDeploymentPostprocessing = 0;
		};
		53644CB92D6A922F00F6BF18 /* Resources */ = {
			isa = PBXResourcesBuildPhase;
			buildActionMask = 2147483647;
			files = (
			);
			runOnlyForDeploymentPostprocessing = 0;
		};
		53644CC32D6A922F00F6BF18 /* Resources */ = {
			isa = PBXResourcesBuildPhase;
			buildActionMask = 2147483647;
			files = (
			);
			runOnlyForDeploymentPostprocessing = 0;
		};
/* End PBXResourcesBuildPhase section */

/* Begin PBXSourcesBuildPhase section */
		53644CA72D6A922D00F6BF18 /* Sources */ = {
			isa = PBXSourcesBuildPhase;
			buildActionMask = 2147483647;
			files = (
			);
			runOnlyForDeploymentPostprocessing = 0;
		};
		53644CB72D6A922F00F6BF18 /* Sources */ = {
			isa = PBXSourcesBuildPhase;
			buildActionMask = 2147483647;
			files = (
			);
			runOnlyForDeploymentPostprocessing = 0;
		};
		53644CC12D6A922F00F6BF18 /* Sources */ = {
			isa = PBXSourcesBuildPhase;
			buildActionMask = 2147483647;
			files = (
			);
			runOnlyForDeploymentPostprocessing = 0;
		};
/* End PBXSourcesBuildPhase section */

/* Begin PBXTargetDependency section */
		53644CBD2D6A922F00F6BF18 /* PBXTargetDependency */ = {
			isa = PBXTargetDependency;
			target = 53644CAA2D6A922D00F6BF18 /* Onboarding Screen */;
			targetProxy = 53644CBC2D6A922F00F6BF18 /* PBXContainerItemProxy */;
		};
		53644CC72D6A922F00F6BF18 /* PBXTargetDependency */ = {
			isa = PBXTargetDependency;
			target = 53644CAA2D6A922D00F6BF18 /* Onboarding Screen */;
			targetProxy = 53644CC62D6A922F00F6BF18 /* PBXContainerItemProxy */;
		};
/* End PBXTargetDependency section */

/* Begin XCBuildConfiguration section */
		53644CCD2D6A922F00F6BF18 /* Debug */ = {
			isa = XCBuildConfiguration;
			buildSettings = {
				ALWAYS_SEARCH_USER_PATHS = NO;
				ASSETCATALOG_COMPILER_GENERATE_SWIFT_ASSET_SYMBOL_EXTENSIONS = YES;
				CLANG_ANALYZER_NONNULL = YES;
				CLANG_ANALYZER_NUMBER_OBJECT_CONVERSION = YES_AGGRESSIVE;
				CLANG_CXX_LANGUAGE_STANDARD = "gnu++20";
				CLANG_ENABLE_MODULES = YES;
				CLANG_ENABLE_OBJC_ARC = YES;
				CLANG_ENABLE_OBJC_WEAK = YES;
				CLANG_WARN_BLOCK_CAPTURE_AUTORELEASING = YES;
				CLANG_WARN_BOOL_CONVERSION = YES;
				CLANG_WARN_COMMA = YES;
				CLANG_WARN_CONSTANT_CONVERSION = YES;
				CLANG_WARN_DEPRECATED_OBJC_IMPLEMENTATIONS = YES;
				CLANG_WARN_DIRECT_OBJC_ISA_USAGE = YES_ERROR;
				CLANG_WARN_DOCUMENTATION_COMMENTS = YES;
				CLANG_WARN_EMPTY_BODY = YES;
				CLANG_WARN_ENUM_CONVERSION = YES;
				CLANG_WARN_INFINITE_RECURSION = YES;
				CLANG_WARN_INT_CONVERSION = YES;
				CLANG_WARN_NON_LITERAL_NULL_CONVERSION = YES;
				CLANG_WARN_OBJC_IMPLICIT_RETAIN_SELF = YES;
				CLANG_WARN_OBJC_LITERAL_CONVERSION = YES;
				CLANG_WARN_OBJC_ROOT_CLASS = YES_ERROR;
				CLANG_WARN_QUOTED_INCLUDE_IN_FRAMEWORK_HEADER = YES;
				CLANG_WARN_RANGE_LOOP_ANALYSIS = YES;
				CLANG_WARN_STRICT_PROTOTYPES = YES;
				CLANG_WARN_SUSPICIOUS_MOVE = YES;
				CLANG_WARN_UNGUARDED_AVAILABILITY = YES_AGGRESSIVE;
				CLANG_WARN_UNREACHABLE_CODE = YES;
				CLANG_WARN__DUPLICATE_METHOD_MATCH = YES;
				COPY_PHASE_STRIP = NO;
				DEBUG_INFORMATION_FORMAT = dwarf;
				ENABLE_STRICT_OBJC_MSGSEND = YES;
				ENABLE_TESTABILITY = YES;
				ENABLE_USER_SCRIPT_SANDBOXING = YES;
				GCC_C_LANGUAGE_STANDARD = gnu17;
				GCC_DYNAMIC_NO_PIC = NO;
				GCC_NO_COMMON_BLOCKS = YES;
				GCC_OPTIMIZATION_LEVEL = 0;
				GCC_PREPROCESSOR_DEFINITIONS = (
					"DEBUG=1",
					"$(inherited)",
				);
				GCC_WARN_64_TO_32_BIT_CONVERSION = YES;
				GCC_WARN_ABOUT_RETURN_TYPE = YES_ERROR;
				GCC_WARN_UNDECLARED_SELECTOR = YES;
				GCC_WARN_UNINITIALIZED_AUTOS = YES_AGGRESSIVE;
				GCC_WARN_UNUSED_FUNCTION = YES;
				GCC_WARN_UNUSED_VARIABLE = YES;
				IPHONEOS_DEPLOYMENT_TARGET = 18.2;
				LOCALIZATION_PREFERS_STRING_CATALOGS = YES;
				MTL_ENABLE_DEBUG_INFO = INCLUDE_SOURCE;
				MTL_FAST_MATH = YES;
				ONLY_ACTIVE_ARCH = YES;
				SDKROOT = iphoneos;
				SWIFT_ACTIVE_COMPILATION_CONDITIONS = "DEBUG $(inherited)";
				SWIFT_OPTIMIZATION_LEVEL = "-Onone";
			};
			name = Debug;
		};
		53644CCE2D6A922F00F6BF18 /* Release */ = {
			isa = XCBuildConfiguration;
			buildSettings = {
				ALWAYS_SEARCH_USER_PATHS = NO;
				ASSETCATALOG_COMPILER_GENERATE_SWIFT_ASSET_SYMBOL_EXTENSIONS = YES;
				CLANG_ANALYZER_NONNULL = YES;
				CLANG_ANALYZER_NUMBER_OBJECT_CONVERSION = YES_AGGRESSIVE;
				CLANG_CXX_LANGUAGE_STANDARD = "gnu++20";
				CLANG_ENABLE_MODULES = YES;
				CLANG_ENABLE_OBJC_ARC = YES;
				CLANG_ENABLE_OBJC_WEAK = YES;
				CLANG_WARN_BLOCK_CAPTURE_AUTORELEASING = YES;
				CLANG_WARN_BOOL_CONVERSION = YES;
				CLANG_WARN_COMMA = YES;
				CLANG_WARN_CONSTANT_CONVERSION = YES;
				CLANG_WARN_DEPRECATED_OBJC_IMPLEMENTATIONS = YES;
				CLANG_WARN_DIRECT_OBJC_ISA_USAGE = YES_ERROR;
				CLANG_WARN_DOCUMENTATION_COMMENTS = YES;
				CLANG_WARN_EMPTY_BODY = YES;
				CLANG_WARN_ENUM_CONVERSION = YES;
				CLANG_WARN_INFINITE_RECURSION = YES;
				CLANG_WARN_INT_CONVERSION = YES;
				CLANG_WARN_NON_LITERAL_NULL_CONVERSION = YES;
				CLANG_WARN_OBJC_IMPLICIT_RETAIN_SELF = YES;
				CLANG_WARN_OBJC_LITERAL_CONVERSION = YES;
				CLANG_WARN_OBJC_ROOT_CLASS = YES_ERROR;
				CLANG_WARN_QUOTED_INCLUDE_IN_FRAMEWORK_HEADER = YES;
				CLANG_WARN_RANGE_LOOP_ANALYSIS = YES;
				CLANG_WARN_STRICT_PROTOTYPES = YES;
				CLANG_WARN_SUSPICIOUS_MOVE = YES;
				CLANG_WARN_UNGUARDED_AVAILABILITY = YES_AGGRESSIVE;
				CLANG_WARN_UNREACHABLE_CODE = YES;
				CLANG_WARN__DUPLICATE_METHOD_MATCH = YES;
				COPY_PHASE_STRIP = NO;
				DEBUG_INFORMATION_FORMAT = "dwarf-with-dsym";
				ENABLE_NS_ASSERTIONS = NO;
				ENABLE_STRICT_OBJC_MSGSEND = YES;
				ENABLE_USER_SCRIPT_SANDBOXING = YES;
				GCC_C_LANGUAGE_STANDARD = gnu17;
				GCC_NO_COMMON_BLOCKS = YES;
				GCC_WARN_64_TO_32_BIT_CONVERSION = YES;
				GCC_WARN_ABOUT_RETURN_TYPE = YES_ERROR;
				GCC_WARN_UNDECLARED_SELECTOR = YES;
				GCC_WARN_UNINITIALIZED_AUTOS = YES_AGGRESSIVE;
				GCC_WARN_UNUSED_FUNCTION = YES;
				GCC_WARN_UNUSED_VARIABLE = YES;
				IPHONEOS_DEPLOYMENT_TARGET = 18.2;
				LOCALIZATION_PREFERS_STRING_CATALOGS = YES;
				MTL_ENABLE_DEBUG_INFO = NO;
				MTL_FAST_MATH = YES;
				SDKROOT = iphoneos;
				SWIFT_COMPILATION_MODE = wholemodule;
				VALIDATE_PRODUCT = YES;
			};
			name = Release;
		};
		53644CD02D6A922F00F6BF18 /* Debug */ = {
			isa = XCBuildConfiguration;
			buildSettings = {
				ASSETCATALOG_COMPILER_APPICON_NAME = AppIcon;
				ASSETCATALOG_COMPILER_GLOBAL_ACCENT_COLOR_NAME = AccentColor;
				CODE_SIGN_STYLE = Automatic;
				CURRENT_PROJECT_VERSION = 1;
				DEVELOPMENT_ASSET_PATHS = "\"Onboarding Screen/Preview Content\"";
				DEVELOPMENT_TEAM = X6B352QQUD;
				ENABLE_PREVIEWS = YES;
				GENERATE_INFOPLIST_FILE = YES;
				INFOPLIST_KEY_UIApplicationSceneManifest_Generation = YES;
				INFOPLIST_KEY_UIApplicationSupportsIndirectInputEvents = YES;
				INFOPLIST_KEY_UILaunchScreen_Generation = YES;
				INFOPLIST_KEY_UISupportedInterfaceOrientations_iPad = "UIInterfaceOrientationPortrait UIInterfaceOrientationPortraitUpsideDown UIInterfaceOrientationLandscapeLeft UIInterfaceOrientationLandscapeRight";
				INFOPLIST_KEY_UISupportedInterfaceOrientations_iPhone = "UIInterfaceOrientationPortrait UIInterfaceOrientationLandscapeLeft UIInterfaceOrientationLandscapeRight";
				LD_RUNPATH_SEARCH_PATHS = (
					"$(inherited)",
					"@executable_path/Frameworks",
				);
				MARKETING_VERSION = 1.0;
				PRODUCT_BUNDLE_IDENTIFIER = "com.moaapps.Onboarding-Screen";
				PRODUCT_NAME = "$(TARGET_NAME)";
				SWIFT_EMIT_LOC_STRINGS = YES;
				SWIFT_VERSION = 5.0;
				TARGETED_DEVICE_FAMILY = "1,2";
			};
			name = Debug;
		};
		53644CD12D6A922F00F6BF18 /* Release */ = {
			isa = XCBuildConfiguration;
			buildSettings = {
				ASSETCATALOG_COMPILER_APPICON_NAME = AppIcon;
				ASSETCATALOG_COMPILER_GLOBAL_ACCENT_COLOR_NAME = AccentColor;
				CODE_SIGN_STYLE = Automatic;
				CURRENT_PROJECT_VERSION = 1;
				DEVELOPMENT_ASSET_PATHS = "\"Onboarding Screen/Preview Content\"";
				DEVELOPMENT_TEAM = X6B352QQUD;
				ENABLE_PREVIEWS = YES;
				GENERATE_INFOPLIST_FILE = YES;
				INFOPLIST_KEY_UIApplicationSceneManifest_Generation = YES;
				INFOPLIST_KEY_UIApplicationSupportsIndirectInputEvents = YES;
				INFOPLIST_KEY_UILaunchScreen_Generation = YES;
				INFOPLIST_KEY_UISupportedInterfaceOrientations_iPad = "UIInterfaceOrientationPortrait UIInterfaceOrientationPortraitUpsideDown UIInterfaceOrientationLandscapeLeft UIInterfaceOrientationLandscapeRight";
				INFOPLIST_KEY_UISupportedInterfaceOrientations_iPhone = "UIInterfaceOrientationPortrait UIInterfaceOrientationLandscapeLeft UIInterfaceOrientationLandscapeRight";
				LD_RUNPATH_SEARCH_PATHS = (
					"$(inherited)",
					"@executable_path/Frameworks",
				);
				MARKETING_VERSION = 1.0;
				PRODUCT_BUNDLE_IDENTIFIER = "com.moaapps.Onboarding-Screen";
				PRODUCT_NAME = "$(TARGET_NAME)";
				SWIFT_EMIT_LOC_STRINGS = YES;
				SWIFT_VERSION = 5.0;
				TARGETED_DEVICE_FAMILY = "1,2";
			};
			name = Release;
		};
		53644CD32D6A922F00F6BF18 /* Debug */ = {
			isa = XCBuildConfiguration;
			buildSettings = {
				BUNDLE_LOADER = "$(TEST_HOST)";
				CODE_SIGN_STYLE = Automatic;
				CURRENT_PROJECT_VERSION = 1;
				DEVELOPMENT_TEAM = X6B352QQUD;
				GENERATE_INFOPLIST_FILE = YES;
				IPHONEOS_DEPLOYMENT_TARGET = 18.2;
				MARKETING_VERSION = 1.0;
				PRODUCT_BUNDLE_IDENTIFIER = "com.moaapps.Onboarding-ScreenTests";
				PRODUCT_NAME = "$(TARGET_NAME)";
				SWIFT_EMIT_LOC_STRINGS = NO;
				SWIFT_VERSION = 5.0;
				TARGETED_DEVICE_FAMILY = "1,2";
				TEST_HOST = "$(BUILT_PRODUCTS_DIR)/Onboarding Screen.app/$(BUNDLE_EXECUTABLE_FOLDER_PATH)/Onboarding Screen";
			};
			name = Debug;
		};
		53644CD42D6A922F00F6BF18 /* Release */ = {
			isa = XCBuildConfiguration;
			buildSettings = {
				BUNDLE_LOADER = "$(TEST_HOST)";
				CODE_SIGN_STYLE = Automatic;
				CURRENT_PROJECT_VERSION = 1;
				DEVELOPMENT_TEAM = X6B352QQUD;
				GENERATE_INFOPLIST_FILE = YES;
				IPHONEOS_DEPLOYMENT_TARGET = 18.2;
				MARKETING_VERSION = 1.0;
				PRODUCT_BUNDLE_IDENTIFIER = "com.moaapps.Onboarding-ScreenTests";
				PRODUCT_NAME = "$(TARGET_NAME)";
				SWIFT_EMIT_LOC_STRINGS = NO;
				SWIFT_VERSION = 5.0;
				TARGETED_DEVICE_FAMILY = "1,2";
				TEST_HOST = "$(BUILT_PRODUCTS_DIR)/Onboarding Screen.app/$(BUNDLE_EXECUTABLE_FOLDER_PATH)/Onboarding Screen";
			};
			name = Release;
		};
		53644CD62D6A922F00F6BF18 /* Debug */ = {
			isa = XCBuildConfiguration;
			buildSettings = {
				CODE_SIGN_STYLE = Automatic;
				CURRENT_PROJECT_VERSION = 1;
				DEVELOPMENT_TEAM = X6B352QQUD;
				GENERATE_INFOPLIST_FILE = YES;
				MARKETING_VERSION = 1.0;
				PRODUCT_BUNDLE_IDENTIFIER = "com.moaapps.Onboarding-ScreenUITests";
				PRODUCT_NAME = "$(TARGET_NAME)";
				SWIFT_EMIT_LOC_STRINGS = NO;
				SWIFT_VERSION = 5.0;
				TARGETED_DEVICE_FAMILY = "1,2";
				TEST_TARGET_NAME = "Onboarding Screen";
			};
			name = Debug;
		};
		53644CD72D6A922F00F6BF18 /* Release */ = {
			isa = XCBuildConfiguration;
			buildSettings = {
				CODE_SIGN_STYLE = Automatic;
				CURRENT_PROJECT_VERSION = 1;
				DEVELOPMENT_TEAM = X6B352QQUD;
				GENERATE_INFOPLIST_FILE = YES;
				MARKETING_VERSION = 1.0;
				PRODUCT_BUNDLE_IDENTIFIER = "com.moaapps.Onboarding-ScreenUITests";
				PRODUCT_NAME = "$(TARGET_NAME)";
				SWIFT_EMIT_LOC_STRINGS = NO;
				SWIFT_VERSION = 5.0;
				TARGETED_DEVICE_FAMILY = "1,2";
				TEST_TARGET_NAME = "Onboarding Screen";
			};
			name = Release;
		};
/* End XCBuildConfiguration section */

/* Begin XCConfigurationList section */
		53644CA62D6A922D00F6BF18 /* Build configuration list for PBXProject "Onboarding Screen" */ = {
			isa = XCConfigurationList;
			buildConfigurations = (
				53644CCD2D6A922F00F6BF18 /* Debug */,
				53644CCE2D6A922F00F6BF18 /* Release */,
			);
			defaultConfigurationIsVisible = 0;
			defaultConfigurationName = Release;
		};
		53644CCF2D6A922F00F6BF18 /* Build configuration list for PBXNativeTarget "Onboarding Screen" */ = {
			isa = XCConfigurationList;
			buildConfigurations = (
				53644CD02D6A922F00F6BF18 /* Debug */,
				53644CD12D6A922F00F6BF18 /* Release */,
			);
			defaultConfigurationIsVisible = 0;
			defaultConfigurationName = Release;
		};
		53644CD22D6A922F00F6BF18 /* Build configuration list for PBXNativeTarget "Onboarding ScreenTests" */ = {
			isa = XCConfigurationList;
			buildConfigurations = (
				53644CD32D6A922F00F6BF18 /* Debug */,
				53644CD42D6A922F00F6BF18 /* Release */,
			);
			defaultConfigurationIsVisible = 0;
			defaultConfigurationName = Release;
		};
		53644CD52D6A922F00F6BF18 /* Build configuration list for PBXNativeTarget "Onboarding ScreenUITests" */ = {
			isa = XCConfigurationList;
			buildConfigurations = (
				53644CD62D6A922F00F6BF18 /* Debug */,
				53644CD72D6A922F00F6BF18 /* Release */,
			);
			defaultConfigurationIsVisible = 0;
			defaultConfigurationName = Release;
		};
/* End XCConfigurationList section */
	};
	rootObject = 53644CA32D6A922D00F6BF18 /* Project object */;
}
